{
    "version": 3,
    "terraform_version": "0.11.8",
    "serial": 16,
    "lineage": "c60df59f-f783-37e4-0819-90146960a12e",
    "modules": [
        {
            "path": [
                "root"
            ],
            "outputs": {
                "db_endpoint": {
                    "sensitive": false,
                    "type": "string",
                    "value": "terraform-20180929012838220900000001.cppaqht65cgn.us-west-2.rds.amazonaws.com:5432"
                },
                "ip": {
                    "sensitive": false,
                    "type": "string",
                    "value": "52.35.192.134"
                },
                "public_dns": {
                    "sensitive": false,
                    "type": "string",
                    "value": "ec2-52-35-192-134.us-west-2.compute.amazonaws.com"
                }
            },
            "resources": {
                "aws_db_instance.thingspeoplesay_production": {
                    "type": "aws_db_instance",
                    "depends_on": [],
                    "primary": {
                        "id": "terraform-20180929012838220900000001",
                        "attributes": {
                            "address": "terraform-20180929012838220900000001.cppaqht65cgn.us-west-2.rds.amazonaws.com",
                            "allocated_storage": "20",
                            "arn": "arn:aws:rds:us-west-2:541540965208:db:terraform-20180929012838220900000001",
                            "auto_minor_version_upgrade": "true",
                            "availability_zone": "us-west-2a",
                            "backup_retention_period": "0",
                            "backup_window": "11:34-12:04",
                            "ca_cert_identifier": "rds-ca-2015",
                            "copy_tags_to_snapshot": "false",
                            "db_subnet_group_name": "default",
                            "domain": "",
                            "domain_iam_role_name": "",
                            "enabled_cloudwatch_logs_exports.#": "0",
                            "endpoint": "terraform-20180929012838220900000001.cppaqht65cgn.us-west-2.rds.amazonaws.com:5432",
                            "engine": "postgres",
                            "engine_version": "10.4",
                            "hosted_zone_id": "Z1PVIF0B656C1W",
                            "iam_database_authentication_enabled": "false",
                            "id": "terraform-20180929012838220900000001",
                            "identifier": "terraform-20180929012838220900000001",
                            "instance_class": "db.t2.micro",
                            "iops": "0",
                            "kms_key_id": "",
                            "license_model": "postgresql-license",
                            "maintenance_window": "wed:12:40-wed:13:10",
                            "monitoring_interval": "0",
                            "multi_az": "false",
                            "name": "thingspeoplesay",
                            "option_group_name": "default:postgres-10",
                            "parameter_group_name": "default.postgres10",
                            "password": "FFaR|6\u0026X9B*\u0026eAq1q6$oP7#8Mo%1jN",
                            "port": "5432",
                            "publicly_accessible": "false",
                            "replicas.#": "0",
                            "replicate_source_db": "",
                            "resource_id": "db-E45V5Q3ZQZ7II2WN23A4RW4VLM",
                            "security_group_names.#": "0",
                            "skip_final_snapshot": "true",
                            "status": "available",
                            "storage_encrypted": "false",
                            "storage_type": "gp2",
                            "tags.%": "0",
                            "timezone": "",
                            "username": "corwin",
                            "vpc_security_group_ids.#": "1",
                            "vpc_security_group_ids.968903835": "sg-85b404f8"
                        },
                        "meta": {
                            "e2bfb730-ecaa-11e6-8f88-34363bc7c4c0": {
                                "create": 2400000000000,
                                "delete": 2400000000000,
                                "update": 4800000000000
                            }
                        },
                        "tainted": false
                    },
                    "deposed": [],
                    "provider": "provider.aws"
                },
                "aws_eip.main": {
                    "type": "aws_eip",
                    "depends_on": [
                        "aws_instance.api"
                    ],
                    "primary": {
                        "id": "eipalloc-00438027d2a44c34d",
                        "attributes": {
                            "association_id": "eipassoc-0211d4bec39ac2012",
                            "domain": "vpc",
                            "id": "eipalloc-00438027d2a44c34d",
                            "instance": "i-002e0c8b1fd2678df",
                            "network_interface": "eni-0bd4b4dcd50a366ae",
                            "private_ip": "172.31.23.147",
                            "public_ip": "52.35.192.134",
                            "tags.%": "0",
                            "vpc": "true"
                        },
                        "meta": {
                            "e2bfb730-ecaa-11e6-8f88-34363bc7c4c0": {
                                "delete": 180000000000,
                                "read": 900000000000,
                                "update": 300000000000
                            }
                        },
                        "tainted": false
                    },
                    "deposed": [],
                    "provider": "provider.aws"
                },
                "aws_instance.api": {
                    "type": "aws_instance",
                    "depends_on": [
                        "aws_key_pair.deployer",
                        "data.aws_ami.ubuntu"
                    ],
                    "primary": {
                        "id": "i-002e0c8b1fd2678df",
                        "attributes": {
                            "ami": "ami-0bbe6b35405ecebdb",
                            "arn": "arn:aws:ec2:us-west-2:541540965208:instance/i-002e0c8b1fd2678df",
                            "associate_public_ip_address": "true",
                            "availability_zone": "us-west-2b",
                            "cpu_core_count": "1",
                            "cpu_threads_per_core": "1",
                            "credit_specification.#": "1",
                            "credit_specification.0.cpu_credits": "standard",
                            "disable_api_termination": "false",
                            "ebs_block_device.#": "0",
                            "ebs_optimized": "false",
                            "ephemeral_block_device.#": "0",
                            "get_password_data": "false",
                            "iam_instance_profile": "",
                            "id": "i-002e0c8b1fd2678df",
                            "instance_state": "running",
                            "instance_type": "t2.micro",
                            "ipv6_addresses.#": "0",
                            "key_name": "deployer_key",
                            "monitoring": "false",
                            "network_interface.#": "0",
                            "network_interface_id": "eni-0bd4b4dcd50a366ae",
                            "password_data": "",
                            "placement_group": "",
                            "primary_network_interface_id": "eni-0bd4b4dcd50a366ae",
                            "private_dns": "ip-172-31-23-147.us-west-2.compute.internal",
                            "private_ip": "172.31.23.147",
                            "public_dns": "ec2-52-35-192-134.us-west-2.compute.amazonaws.com",
                            "public_ip": "52.35.192.134",
                            "root_block_device.#": "1",
                            "root_block_device.0.delete_on_termination": "true",
                            "root_block_device.0.iops": "100",
                            "root_block_device.0.volume_id": "vol-05a4740cb1fa1e596",
                            "root_block_device.0.volume_size": "8",
                            "root_block_device.0.volume_type": "gp2",
                            "security_groups.#": "2",
                            "security_groups.373821306": "General Traffic",
                            "security_groups.3814588639": "default",
                            "source_dest_check": "true",
                            "subnet_id": "subnet-9e45cdf8",
                            "tags.%": "1",
                            "tags.name": "thingspeoplesay",
                            "tenancy": "default",
                            "volume_tags.%": "0",
                            "vpc_security_group_ids.#": "2",
                            "vpc_security_group_ids.3262137636": "sg-08b586b29450d670f",
                            "vpc_security_group_ids.968903835": "sg-85b404f8"
                        },
                        "meta": {
                            "e2bfb730-ecaa-11e6-8f88-34363bc7c4c0": {
                                "create": 600000000000,
                                "delete": 1200000000000,
                                "update": 600000000000
                            },
                            "schema_version": "1"
                        },
                        "tainted": false
                    },
                    "deposed": [],
                    "provider": "provider.aws"
                },
                "aws_key_pair.deployer": {
                    "type": "aws_key_pair",
                    "depends_on": [],
                    "primary": {
                        "id": "deployer_key",
                        "attributes": {
                            "fingerprint": "b2:54:73:96:fd:78:20:dd:d5:4e:89:0a:b3:f6:78:a4",
                            "id": "deployer_key",
                            "key_name": "deployer_key",
                            "public_key": "ssh-rsa AAAAB3NzaC1yc2EAAAADAQABAAACAQDrzIls6hPFjEceU60lMMow9aoi3NA4KjDbzG5oO93Yi1ZS1/5H9AcmHYahSnV+FGeGj3XA4F/xNxCBYbS9ytgMpLvKJ+p0NBLMahTi3ZCSLUdBy+q+xJAg4ILDAVePLqGJeljG+q9T5OCeqpYBzz44duohyKR/VQmupdGkrmZWFkqYBUzkKkpbAF6UYH4Pkct4YiOma4Pee9R4Wm8I41avxtb8WOL96qz+mk/LqvN8h64fB8mI+q+sw1ky1ke80KumBVZmeFUjeWieoZPDzfiPRjFIVuCR93TUD8QgsBSMDPV2tokowoOR/gnpoatJXNG3a094qgYpMewdHyHzNsccJhtPxh2EWLJNWGOtIUyp8s3UXyU0ClKSLk+PRlLgSMMe/8wubokX25/ggpZ3Gwd5AI2WuSGSCOoCW3vmWgMppaHGbWL9uVY5mPcAssli1gEj0aecLPnMp+jJEWbul2Ncjm5RbUFJH2Ig3DstYcyC5PDy6zOTUj17ketVGSzX8fSf13cPTwCZqlF0DZhNjRNIm85XFLpNeRUmPTHa8/bCc3P6RFbd/N4e1wYEh9+yJ9M/0A9IYz9ZeEVwZdPhGZ4qEM810wLIwYoNBW/vopSrUGtYvUMqZjus+jlJc8DADgskn8LRF8SANW/KHrRakTKi0g3AwqNCcbU7P7kRfu1h8Q== corwin.rebma@gmail.com"
                        },
                        "meta": {
                            "schema_version": "1"
                        },
                        "tainted": false
                    },
                    "deposed": [],
                    "provider": "provider.aws"
                },
                "data.aws_ami.ubuntu": {
                    "type": "aws_ami",
                    "depends_on": [],
                    "primary": {
                        "id": "ami-0bbe6b35405ecebdb",
                        "attributes": {
                            "architecture": "x86_64",
                            "block_device_mappings.#": "3",
                            "block_device_mappings.1634610537.device_name": "/dev/sdb",
                            "block_device_mappings.1634610537.ebs.%": "0",
                            "block_device_mappings.1634610537.no_device": "",
                            "block_device_mappings.1634610537.virtual_name": "ephemeral0",
                            "block_device_mappings.2547816212.device_name": "/dev/sda1",
                            "block_device_mappings.2547816212.ebs.%": "6",
                            "block_device_mappings.2547816212.ebs.delete_on_termination": "true",
                            "block_device_mappings.2547816212.ebs.encrypted": "false",
                            "block_device_mappings.2547816212.ebs.iops": "0",
                            "block_device_mappings.2547816212.ebs.snapshot_id": "snap-0576704bcf883d5ee",
                            "block_device_mappings.2547816212.ebs.volume_size": "8",
                            "block_device_mappings.2547816212.ebs.volume_type": "gp2",
                            "block_device_mappings.2547816212.no_device": "",
                            "block_device_mappings.2547816212.virtual_name": "",
                            "block_device_mappings.3850042718.device_name": "/dev/sdc",
                            "block_device_mappings.3850042718.ebs.%": "0",
                            "block_device_mappings.3850042718.no_device": "",
                            "block_device_mappings.3850042718.virtual_name": "ephemeral1",
                            "creation_date": "2018-09-12T21:04:47.000Z",
                            "description": "Canonical, Ubuntu, 18.04 LTS, amd64 bionic image build on 2018-09-12",
                            "filter.#": "2",
                            "filter.490168357.name": "virtualization-type",
                            "filter.490168357.values.#": "1",
                            "filter.490168357.values.0": "hvm",
                            "filter.942818600.name": "name",
                            "filter.942818600.values.#": "1",
                            "filter.942818600.values.0": "ubuntu/images/hvm-ssd/ubuntu-bionic-18.04-amd64-server-*",
                            "hypervisor": "xen",
                            "id": "ami-0bbe6b35405ecebdb",
                            "image_id": "ami-0bbe6b35405ecebdb",
                            "image_location": "099720109477/ubuntu/images/hvm-ssd/ubuntu-bionic-18.04-amd64-server-20180912",
                            "image_type": "machine",
                            "most_recent": "true",
                            "name": "ubuntu/images/hvm-ssd/ubuntu-bionic-18.04-amd64-server-20180912",
                            "owner_id": "099720109477",
                            "owners.#": "1",
                            "owners.0": "099720109477",
                            "product_codes.#": "0",
                            "public": "true",
                            "root_device_name": "/dev/sda1",
                            "root_device_type": "ebs",
                            "root_snapshot_id": "snap-0576704bcf883d5ee",
                            "sriov_net_support": "simple",
                            "state": "available",
                            "state_reason.%": "2",
                            "state_reason.code": "UNSET",
                            "state_reason.message": "UNSET",
                            "tags.%": "0",
                            "virtualization_type": "hvm"
                        },
                        "meta": {},
                        "tainted": false
                    },
                    "deposed": [],
                    "provider": "provider.aws"
                }
            },
            "depends_on": []
        }
    ]
}
